
Microsoft Visual Studio Solution File, Format Version 12.00
# Visual Studio Version 16
VisualStudioVersion = 16.0.30225.117
MinimumVisualStudioVersion = 10.0.40219.1
Project("{FAE04EC0-301F-11D3-BF4B-00C04F79EFBC}") = "AudioRecorder", "AudioRecorder\AudioRecorder.csproj", "{CA73F0E7-7009-4F89-936B-C544B2B7A2D3}"
EndProject
Project("{FAE04EC0-301F-11D3-BF4B-00C04F79EFBC}") = "AudioRecorder.Core", "AudioRecorder.Core\AudioRecorder.Core.csproj", "{10F5D3C8-1CFD-4A86-A24C-E287992D1150}"
EndProject
Project("{FAE04EC0-301F-11D3-BF4B-00C04F79EFBC}") = "AudioRecorder.Audio", "AudioRecorder.Audio\AudioRecorder.Audio.csproj", "{4D6FFDF6-09EB-429F-B1FF-58E20CBD6A02}"
EndProject
Global
	GlobalSection(SolutionConfigurationPlatforms) = preSolution
		Debug|Any CPU = Debug|Any CPU
		Release|Any CPU = Release|Any CPU
	EndGlobalSection
	GlobalSection(ProjectConfigurationPlatforms) = postSolution
		{CA73F0E7-7009-4F89-936B-C544B2B7A2D3}.Debug|Any CPU.ActiveCfg = Debug|Any CPU
		{CA73F0E7-7009-4F89-936B-C544B2B7A2D3}.Debug|Any CPU.Build.0 = Debug|Any CPU
		{CA73F0E7-7009-4F89-936B-C544B2B7A2D3}.Release|Any CPU.ActiveCfg = Release|Any CPU
		{CA73F0E7-7009-4F89-936B-C544B2B7A2D3}.Release|Any CPU.Build.0 = Release|Any CPU
		{10F5D3C8-1CFD-4A86-A24C-E287992D1150}.Debug|Any CPU.ActiveCfg = Debug|Any CPU
		{10F5D3C8-1CFD-4A86-A24C-E287992D1150}.Debug|Any CPU.Build.0 = Debug|Any CPU
		{10F5D3C8-1CFD-4A86-A24C-E287992D1150}.Release|Any CPU.ActiveCfg = Release|Any CPU
		{10F5D3C8-1CFD-4A86-A24C-E287992D1150}.Release|Any CPU.Build.0 = Release|Any CPU
		{4D6FFDF6-09EB-429F-B1FF-58E20CBD6A02}.Debug|Any CPU.ActiveCfg = Debug|Any CPU
		{4D6FFDF6-09EB-429F-B1FF-58E20CBD6A02}.Debug|Any CPU.Build.0 = Debug|Any CPU
		{4D6FFDF6-09EB-429F-B1FF-58E20CBD6A02}.Release|Any CPU.ActiveCfg = Release|Any CPU
		{4D6FFDF6-09EB-429F-B1FF-58E20CBD6A02}.Release|Any CPU.Build.0 = Release|Any CPU
	EndGlobalSection
	GlobalSection(SolutionProperties) = preSolution
		HideSolutionNode = FALSE
	EndGlobalSection
	GlobalSection(ExtensibilityGlobals) = postSolution
		SolutionGuid = {7464A603-A83E-4CDC-A6D7-68EB91DC5DFD}
	EndGlobalSection
EndGlobal
